
Microsoft Visual Studio Solution File, Format Version 12.00
# Visual Studio Version 17
VisualStudioVersion = 17.2.32505.173
MinimumVisualStudioVersion = 10.0.40219.1
Project("{FAE04EC0-301F-11D3-BF4B-00C04F79EFBC}") = "WinFormsDZ2_5", "WinFormsDZ2_5\WinFormsDZ2_5.csproj", "{2E59D659-125D-4468-9127-DDA51A5053FB}"
EndProject
Global
	GlobalSection(SolutionConfigurationPlatforms) = preSolution
		Debug|Any CPU = Debug|Any CPU
		Release|Any CPU = Release|Any CPU
	EndGlobalSection
	GlobalSection(ProjectConfigurationPlatforms) = postSolution
		{2E59D659-125D-4468-9127-DDA51A5053FB}.Debug|Any CPU.ActiveCfg = Debug|Any CPU
		{2E59D659-125D-4468-9127-DDA51A5053FB}.Debug|Any CPU.Build.0 = Debug|Any CPU
		{2E59D659-125D-4468-9127-DDA51A5053FB}.Release|Any CPU.ActiveCfg = Release|Any CPU
		{2E59D659-125D-4468-9127-DDA51A5053FB}.Release|Any CPU.Build.0 = Release|Any CPU
	EndGlobalSection
	GlobalSection(SolutionProperties) = preSolution
		HideSolutionNode = FALSE
	EndGlobalSection
	GlobalSection(ExtensibilityGlobals) = postSolution
		SolutionGuid = {2E2F9623-B102-44E9-A2A0-D158385ECE10}
	EndGlobalSection
EndGlobal
